{
  "name": "test",
  "version": "1.0.0",
  "lockfileVersion": 2,
  "requires": true,
  "packages": {
    "": {
      "name": "test",
      "version": "1.0.0",
      "license": "ISC",
      "dependencies": {
        "@galacticcouncil/math-lbp": "file:../packages/lbp",
        "@galacticcouncil/math-liquidity-mining": "file:../packages/liquidity-mining",
        "@galacticcouncil/math-omnipool": "file:../packages/omnipool",
        "@galacticcouncil/math-stableswap": "file:../packages/stableswap",
        "@galacticcouncil/math-xyk": "file:../packages/xyk"
      }
    },
    "../packages/lbp": {
      "name": "@galacticcouncil/math-lbp",
      "version": "0.0.1"
    },
    "../packages/liquidity-mining": {
      "name": "@galacticcouncil/math-liquidity-mining",
      "version": "0.0.1"
    },
    "../packages/math-omnipoool": {
      "extraneous": true
    },
    "../packages/omnipool": {
      "name": "@galacticcouncil/math-omnipool",
      "version": "0.0.1"
    },
    "../packages/stableswap": {
      "name": "@galacticcouncil/math-stableswap",
      "version": "0.0.1"
    },
    "../packages/xyk": {
      "name": "@galacticcouncil/math-xyk",
      "version": "0.0.1"
    },
    "node_modules/@galacticcouncil/math-lbp": {
      "resolved": "../packages/lbp",
      "link": true
    },
    "node_modules/@galacticcouncil/math-liquidity-mining": {
      "resolved": "../packages/liquidity-mining",
      "link": true
    },
    "node_modules/@galacticcouncil/math-omnipool": {
      "resolved": "../packages/omnipool",
      "link": true
    },
    "node_modules/@galacticcouncil/math-stableswap": {
      "resolved": "../packages/stableswap",
      "link": true
    },
    "node_modules/@galacticcouncil/math-xyk": {
      "resolved": "../packages/xyk",
      "link": true
    }
  },
  "dependencies": {
    "@galacticcouncil/math-lbp": {
      "version": "file:../packages/lbp"
    },
    "@galacticcouncil/math-liquidity-mining": {
      "version": "file:../packages/liquidity-mining"
    },
    "@galacticcouncil/math-omnipool": {
      "version": "file:../packages/omnipool"
    },
    "@galacticcouncil/math-stableswap": {
      "version": "file:../packages/stableswap"
    },
    "@galacticcouncil/math-xyk": {
      "version": "file:../packages/xyk"
    }
  }
}
