{
  "name": "@galacticcouncil/math",
  "version": "0.0.0-beta-1",
  "lockfileVersion": 2,
  "requires": true,
  "packages": {
    "": {
      "name": "@galacticcouncil/math",
      "version": "0.0.0-beta-1",
      "workspaces": [
        "packages/*"
      ]
    },
    "node_modules/@galacticcouncil/math-lbp": {
      "resolved": "packages/lbp",
      "link": true
    },
    "node_modules/@galacticcouncil/math-stableswap": {
      "resolved": "packages/stableswap",
      "link": true
    },
    "node_modules/@galacticcouncil/math-xyk": {
      "resolved": "packages/xyk",
      "link": true
    },
    "packages/lbp": {
      "name": "@galacticcouncil/math-lbp",
      "version": "0.0.0-beta-1"
    },
    "packages/stableswap": {
      "name": "@galacticcouncil/math-stableswap",
      "version": "0.0.0-beta-1"
    },
    "packages/xyk": {
      "name": "@galacticcouncil/math-xyk",
      "version": "0.0.0-beta-1"
    }
  },
  "dependencies": {
    "@galacticcouncil/math-lbp": {
      "version": "file:packages/lbp"
    },
    "@galacticcouncil/math-stableswap": {
      "version": "file:packages/stableswap"
    },
    "@galacticcouncil/math-xyk": {
      "version": "file:packages/xyk"
    }
  }
}
